// !$*UTF8*$!
{
	archiveVersion = 1;
	classes = {
	};
	objectVersion = 77;
	objects = {

/* Begin PBXBuildFile section */
		5D184A235AD334D7688F545B /* HelpView.swift in Sources */ = {isa = PBXBuildFile; fileRef = 19713182C14094F807E09C34 /* HelpView.swift */; };
		874B12C1337D57C863440483 /* MediaFilter.swift in Sources */ = {isa = PBXBuildFile; fileRef = C6D018F849428F41E2C3AD22 /* MediaFilter.swift */; };
		A54967EB2169CBAE231FFE6E /* Assets.xcassets in Resources */ = {isa = PBXBuildFile; fileRef = E73F538DB9F39502BA673490 /* Assets.xcassets */; };
		EB68B4F9114DD0C17AB944BF /* UploadManager.swift in Sources */ = {isa = PBXBuildFile; fileRef = 0A38EC15DF45E37D82583274 /* UploadManager.swift */; };
		ECD8543508C6254EFBD15809 /* ImmichGoUploaderApp.swift in Sources */ = {isa = PBXBuildFile; fileRef = 7D415FEC894A76A93FE7B53F /* ImmichGoUploaderApp.swift */; };
		FFE4ECBF8B7A1B2E58DB4E06 /* ContentView.swift in Sources */ = {isa = PBXBuildFile; fileRef = 4049C91B1C4FEF4E252D816E /* ContentView.swift */; };
/* End PBXBuildFile section */

/* Begin PBXFileReference section */
		0A38EC15DF45E37D82583274 /* UploadManager.swift */ = {isa = PBXFileReference; lastKnownFileType = sourcecode.swift; path = UploadManager.swift; sourceTree = "<group>"; };
		19713182C14094F807E09C34 /* HelpView.swift */ = {isa = PBXFileReference; lastKnownFileType = sourcecode.swift; path = HelpView.swift; sourceTree = "<group>"; };
		4049C91B1C4FEF4E252D816E /* ContentView.swift */ = {isa = PBXFileReference; lastKnownFileType = sourcecode.swift; path = ContentView.swift; sourceTree = "<group>"; };
		458FBF877B3DC098642C20FB /* Entitlements.entitlements */ = {isa = PBXFileReference; lastKnownFileType = text.plist.entitlements; path = Entitlements.entitlements; sourceTree = "<group>"; };
		7D415FEC894A76A93FE7B53F /* ImmichGoUploaderApp.swift */ = {isa = PBXFileReference; lastKnownFileType = sourcecode.swift; path = ImmichGoUploaderApp.swift; sourceTree = "<group>"; };
		A2402F13816F6BF2B6D1DEE2 /* Info.plist */ = {isa = PBXFileReference; lastKnownFileType = text.plist; path = Info.plist; sourceTree = "<group>"; };
		C6D018F849428F41E2C3AD22 /* MediaFilter.swift */ = {isa = PBXFileReference; lastKnownFileType = sourcecode.swift; path = MediaFilter.swift; sourceTree = "<group>"; };
		C8E90BFF2453F8E8331EBD2E /* ImmichGoUploader.app */ = {isa = PBXFileReference; explicitFileType = wrapper.application; includeInIndex = 0; path = ImmichGoUploader.app; sourceTree = BUILT_PRODUCTS_DIR; };
		E73F538DB9F39502BA673490 /* Assets.xcassets */ = {isa = PBXFileReference; lastKnownFileType = folder.assetcatalog; path = Assets.xcassets; sourceTree = "<group>"; };
/* End PBXFileReference section */

/* Begin PBXGroup section */
		3049683C604C879CCC369519 = {
			isa = PBXGroup;
			children = (
				A5C094541CE9BDC0D03D458F /* Sources */,
				3DB11641192CEBC91E4593F0 /* Products */,
			);
			sourceTree = "<group>";
		};
		3DB11641192CEBC91E4593F0 /* Products */ = {
			isa = PBXGroup;
			children = (
				C8E90BFF2453F8E8331EBD2E /* ImmichGoUploader.app */,
			);
			name = Products;
			sourceTree = "<group>";
		};
		A5C094541CE9BDC0D03D458F /* Sources */ = {
			isa = PBXGroup;
			children = (
				E73F538DB9F39502BA673490 /* Assets.xcassets */,
				4049C91B1C4FEF4E252D816E /* ContentView.swift */,
				458FBF877B3DC098642C20FB /* Entitlements.entitlements */,
				19713182C14094F807E09C34 /* HelpView.swift */,
				7D415FEC894A76A93FE7B53F /* ImmichGoUploaderApp.swift */,
				A2402F13816F6BF2B6D1DEE2 /* Info.plist */,
				C6D018F849428F41E2C3AD22 /* MediaFilter.swift */,
				0A38EC15DF45E37D82583274 /* UploadManager.swift */,
			);
			path = Sources;
			sourceTree = "<group>";
		};
/* End PBXGroup section */

/* Begin PBXNativeTarget section */
		0BC77B3BFB93944EADB01335 /* ImmichGoUploader */ = {
			isa = PBXNativeTarget;
			buildConfigurationList = E00F2B663EFC79DA638CC2DD /* Build configuration list for PBXNativeTarget "ImmichGoUploader" */;
			buildPhases = (
				9CCDC82BA7927A500B619FD9 /* Sources */,
				9771241BA214C69F99490052 /* Resources */,
			);
			buildRules = (
			);
			dependencies = (
			);
			name = ImmichGoUploader;
			packageProductDependencies = (
			);
			productName = ImmichGoUploader;
			productReference = C8E90BFF2453F8E8331EBD2E /* ImmichGoUploader.app */;
			productType = "com.apple.product-type.application";
		};
/* End PBXNativeTarget section */

/* Begin PBXProject section */
		62E28FB4FD7418CA23C08C07 /* Project object */ = {
			isa = PBXProject;
			attributes = {
				BuildIndependentTargetsInParallel = YES;
				LastUpgradeCheck = 1430;
				TargetAttributes = {
				};
			};
			buildConfigurationList = E28612030EB058955D95460B /* Build configuration list for PBXProject "ImmichGoUploader" */;
			developmentRegion = en;
			hasScannedForEncodings = 0;
			knownRegions = (
				Base,
				en,
			);
			mainGroup = 3049683C604C879CCC369519;
			minimizedProjectReferenceProxies = 1;
			preferredProjectObjectVersion = 77;
			productRefGroup = 3DB11641192CEBC91E4593F0 /* Products */;
			projectDirPath = "";
			projectRoot = "";
			targets = (
				0BC77B3BFB93944EADB01335 /* ImmichGoUploader */,
			);
		};
/* End PBXProject section */

/* Begin PBXResourcesBuildPhase section */
		9771241BA214C69F99490052 /* Resources */ = {
			isa = PBXResourcesBuildPhase;
			buildActionMask = 2147483647;
			files = (
				A54967EB2169CBAE231FFE6E /* Assets.xcassets in Resources */,
			);
			runOnlyForDeploymentPostprocessing = 0;
		};
/* End PBXResourcesBuildPhase section */

/* Begin PBXSourcesBuildPhase section */
		9CCDC82BA7927A500B619FD9 /* Sources */ = {
			isa = PBXSourcesBuildPhase;
			buildActionMask = 2147483647;
			files = (
				FFE4ECBF8B7A1B2E58DB4E06 /* ContentView.swift in Sources */,
				5D184A235AD334D7688F545B /* HelpView.swift in Sources */,
				ECD8543508C6254EFBD15809 /* ImmichGoUploaderApp.swift in Sources */,
				874B12C1337D57C863440483 /* MediaFilter.swift in Sources */,
				EB68B4F9114DD0C17AB944BF /* UploadManager.swift in Sources */,
			);
			runOnlyForDeploymentPostprocessing = 0;
		};
/* End PBXSourcesBuildPhase section */

/* Begin XCBuildConfiguration section */
		02B6C57A0D9E59A5388A4CE0 /* Release */ = {
			isa = XCBuildConfiguration;
			buildSettings = {
				ALWAYS_SEARCH_USER_PATHS = NO;
				CLANG_ANALYZER_NONNULL = YES;
				CLANG_ANALYZER_NUMBER_OBJECT_CONVERSION = YES_AGGRESSIVE;
				CLANG_CXX_LANGUAGE_STANDARD = "gnu++14";
				CLANG_CXX_LIBRARY = "libc++";
				CLANG_ENABLE_MODULES = YES;
				CLANG_ENABLE_OBJC_ARC = YES;
				CLANG_ENABLE_OBJC_WEAK = YES;
				CLANG_WARN_BLOCK_CAPTURE_AUTORELEASING = YES;
				CLANG_WARN_BOOL_CONVERSION = YES;
				CLANG_WARN_COMMA = YES;
				CLANG_WARN_CONSTANT_CONVERSION = YES;
				CLANG_WARN_DEPRECATED_OBJC_IMPLEMENTATIONS = YES;
				CLANG_WARN_DIRECT_OBJC_ISA_USAGE = YES_ERROR;
				CLANG_WARN_DOCUMENTATION_COMMENTS = YES;
				CLANG_WARN_EMPTY_BODY = YES;
				CLANG_WARN_ENUM_CONVERSION = YES;
				CLANG_WARN_INFINITE_RECURSION = YES;
				CLANG_WARN_INT_CONVERSION = YES;
				CLANG_WARN_NON_LITERAL_NULL_CONVERSION = YES;
				CLANG_WARN_OBJC_IMPLICIT_RETAIN_SELF = YES;
				CLANG_WARN_OBJC_LITERAL_CONVERSION = YES;
				CLANG_WARN_OBJC_ROOT_CLASS = YES_ERROR;
				CLANG_WARN_QUOTED_INCLUDE_IN_FRAMEWORK_HEADER = YES;
				CLANG_WARN_RANGE_LOOP_ANALYSIS = YES;
				CLANG_WARN_STRICT_PROTOTYPES = YES;
				CLANG_WARN_SUSPICIOUS_MOVE = YES;
				CLANG_WARN_UNGUARDED_AVAILABILITY = YES_AGGRESSIVE;
				CLANG_WARN_UNREACHABLE_CODE = YES;
				CLANG_WARN__DUPLICATE_METHOD_MATCH = YES;
				COPY_PHASE_STRIP = NO;
				DEBUG_INFORMATION_FORMAT = "dwarf-with-dsym";
				ENABLE_NS_ASSERTIONS = NO;
				ENABLE_STRICT_OBJC_MSGSEND = YES;
				GCC_C_LANGUAGE_STANDARD = gnu11;
				GCC_NO_COMMON_BLOCKS = YES;
				GCC_WARN_64_TO_32_BIT_CONVERSION = YES;
				GCC_WARN_ABOUT_RETURN_TYPE = YES_ERROR;
				GCC_WARN_UNDECLARED_SELECTOR = YES;
				GCC_WARN_UNINITIALIZED_AUTOS = YES_AGGRESSIVE;
				GCC_WARN_UNUSED_FUNCTION = YES;
				GCC_WARN_UNUSED_VARIABLE = YES;
				MTL_ENABLE_DEBUG_INFO = NO;
				MTL_FAST_MATH = YES;
				PRODUCT_NAME = "$(TARGET_NAME)";
				SDKROOT = macosx;
				SWIFT_COMPILATION_MODE = wholemodule;
				SWIFT_OPTIMIZATION_LEVEL = "-O";
				SWIFT_VERSION = 5.0;
			};
			name = Release;
		};
		1DB3153F685510AE94E85E01 /* Debug */ = {
			isa = XCBuildConfiguration;
			buildSettings = {
				ALWAYS_SEARCH_USER_PATHS = NO;
				CLANG_ANALYZER_NONNULL = YES;
				CLANG_ANALYZER_NUMBER_OBJECT_CONVERSION = YES_AGGRESSIVE;
				CLANG_CXX_LANGUAGE_STANDARD = "gnu++14";
				CLANG_CXX_LIBRARY = "libc++";
				CLANG_ENABLE_MODULES = YES;
				CLANG_ENABLE_OBJC_ARC = YES;
				CLANG_ENABLE_OBJC_WEAK = YES;
				CLANG_WARN_BLOCK_CAPTURE_AUTORELEASING = YES;
				CLANG_WARN_BOOL_CONVERSION = YES;
				CLANG_WARN_COMMA = YES;
				CLANG_WARN_CONSTANT_CONVERSION = YES;
				CLANG_WARN_DEPRECATED_OBJC_IMPLEMENTATIONS = YES;
				CLANG_WARN_DIRECT_OBJC_ISA_USAGE = YES_ERROR;
				CLANG_WARN_DOCUMENTATION_COMMENTS = YES;
				CLANG_WARN_EMPTY_BODY = YES;
				CLANG_WARN_ENUM_CONVERSION = YES;
				CLANG_WARN_INFINITE_RECURSION = YES;
				CLANG_WARN_INT_CONVERSION = YES;
				CLANG_WARN_NON_LITERAL_NULL_CONVERSION = YES;
				CLANG_WARN_OBJC_IMPLICIT_RETAIN_SELF = YES;
				CLANG_WARN_OBJC_LITERAL_CONVERSION = YES;
				CLANG_WARN_OBJC_ROOT_CLASS = YES_ERROR;
				CLANG_WARN_QUOTED_INCLUDE_IN_FRAMEWORK_HEADER = YES;
				CLANG_WARN_RANGE_LOOP_ANALYSIS = YES;
				CLANG_WARN_STRICT_PROTOTYPES = YES;
				CLANG_WARN_SUSPICIOUS_MOVE = YES;
				CLANG_WARN_UNGUARDED_AVAILABILITY = YES_AGGRESSIVE;
				CLANG_WARN_UNREACHABLE_CODE = YES;
				CLANG_WARN__DUPLICATE_METHOD_MATCH = YES;
				COPY_PHASE_STRIP = NO;
				DEBUG_INFORMATION_FORMAT = dwarf;
				ENABLE_STRICT_OBJC_MSGSEND = YES;
				ENABLE_TESTABILITY = YES;
				GCC_C_LANGUAGE_STANDARD = gnu11;
				GCC_DYNAMIC_NO_PIC = NO;
				GCC_NO_COMMON_BLOCKS = YES;
				GCC_OPTIMIZATION_LEVEL = 0;
				GCC_PREPROCESSOR_DEFINITIONS = (
					"$(inherited)",
					"DEBUG=1",
				);
				GCC_WARN_64_TO_32_BIT_CONVERSION = YES;
				GCC_WARN_ABOUT_RETURN_TYPE = YES_ERROR;
				GCC_WARN_UNDECLARED_SELECTOR = YES;
				GCC_WARN_UNINITIALIZED_AUTOS = YES_AGGRESSIVE;
				GCC_WARN_UNUSED_FUNCTION = YES;
				GCC_WARN_UNUSED_VARIABLE = YES;
				MTL_ENABLE_DEBUG_INFO = INCLUDE_SOURCE;
				MTL_FAST_MATH = YES;
				ONLY_ACTIVE_ARCH = YES;
				PRODUCT_NAME = "$(TARGET_NAME)";
				SDKROOT = macosx;
				SWIFT_ACTIVE_COMPILATION_CONDITIONS = DEBUG;
				SWIFT_OPTIMIZATION_LEVEL = "-Onone";
				SWIFT_VERSION = 5.0;
			};
			name = Debug;
		};
		2222CF8A1482DE7F920E8C15 /* Release */ = {
			isa = XCBuildConfiguration;
			buildSettings = {
				ASSETCATALOG_COMPILER_APPICON_NAME = AppIcon;
				CODE_SIGN_ENTITLEMENTS = Sources/Entitlements.entitlements;
				CODE_SIGN_IDENTITY = "-";
				COMBINE_HIDPI_IMAGES = YES;
				INFOPLIST_FILE = Sources/Info.plist;
				LD_RUNPATH_SEARCH_PATHS = (
					"$(inherited)",
					"@executable_path/../Frameworks",
				);
				MACOSX_DEPLOYMENT_TARGET = 14.0;
				PRODUCT_BUNDLE_IDENTIFIER = com.jensschneider.ImmichGoUploader;
				SDKROOT = macosx;
			};
			name = Release;
		};
		D4C1FDB87B74A0D6536D2752 /* Debug */ = {
			isa = XCBuildConfiguration;
			buildSettings = {
				ASSETCATALOG_COMPILER_APPICON_NAME = AppIcon;
				CODE_SIGN_ENTITLEMENTS = Sources/Entitlements.entitlements;
				CODE_SIGN_IDENTITY = "-";
				COMBINE_HIDPI_IMAGES = YES;
				INFOPLIST_FILE = Sources/Info.plist;
				LD_RUNPATH_SEARCH_PATHS = (
					"$(inherited)",
					"@executable_path/../Frameworks",
				);
				MACOSX_DEPLOYMENT_TARGET = 14.0;
				PRODUCT_BUNDLE_IDENTIFIER = com.jensschneider.ImmichGoUploader;
				SDKROOT = macosx;
			};
			name = Debug;
		};
/* End XCBuildConfiguration section */

/* Begin XCConfigurationList section */
		E00F2B663EFC79DA638CC2DD /* Build configuration list for PBXNativeTarget "ImmichGoUploader" */ = {
			isa = XCConfigurationList;
			buildConfigurations = (
				D4C1FDB87B74A0D6536D2752 /* Debug */,
				2222CF8A1482DE7F920E8C15 /* Release */,
			);
			defaultConfigurationIsVisible = 0;
			defaultConfigurationName = Debug;
		};
		E28612030EB058955D95460B /* Build configuration list for PBXProject "ImmichGoUploader" */ = {
			isa = XCConfigurationList;
			buildConfigurations = (
				1DB3153F685510AE94E85E01 /* Debug */,
				02B6C57A0D9E59A5388A4CE0 /* Release */,
			);
			defaultConfigurationIsVisible = 0;
			defaultConfigurationName = Debug;
		};
/* End XCConfigurationList section */
	};
	rootObject = 62E28FB4FD7418CA23C08C07 /* Project object */;
}
